Microsoft Visual Studio Solution File, Format Version 12.00
# Visual Studio Version 17
VisualStudioVersion = 17.5.320.0
MinimumVisualStudioVersion = 10.0.40219.1
Project("{FAE04EC0-301F-11D3-BF4B-00C04F79EFBC}") = "MiddleMan", "\Users\anuranjans\MyDocuments\development\dotnet_core\MiddleMan\MiddleMan.csproj", "{8C544945-4231-C0B1-AC3B-669EAE39E203}"
EndProject
Project("{FAE04EC0-301F-11D3-BF4B-00C04F79EFBC}") = "MiddleMan.Tests", "..\MiddleMan.Tests\MiddleMan.Tests.csproj", "{47677C64-F88A-4F8D-8043-98DFC901BCE8}"
EndProject
Global
	GlobalSection(SolutionConfigurationPlatforms) = preSolution
		Debug|Any CPU = Debug|Any CPU
		Release|Any CPU = Release|Any CPU
	EndGlobalSection
	GlobalSection(ProjectConfigurationPlatforms) = postSolution
		{8C544945-4231-C0B1-AC3B-669EAE39E203}.Debug|Any CPU.ActiveCfg = Debug|Any CPU
		{8C544945-4231-C0B1-AC3B-669EAE39E203}.Debug|Any CPU.Build.0 = Debug|Any CPU
		{8C544945-4231-C0B1-AC3B-669EAE39E203}.Release|Any CPU.ActiveCfg = Release|Any CPU
		{8C544945-4231-C0B1-AC3B-669EAE39E203}.Release|Any CPU.Build.0 = Release|Any CPU
		{47677C64-F88A-4F8D-8043-98DFC901BCE8}.Debug|Any CPU.ActiveCfg = Debug|Any CPU
		{47677C64-F88A-4F8D-8043-98DFC901BCE8}.Debug|Any CPU.Build.0 = Debug|Any CPU
		{47677C64-F88A-4F8D-8043-98DFC901BCE8}.Release|Any CPU.ActiveCfg = Release|Any CPU
		{47677C64-F88A-4F8D-8043-98DFC901BCE8}.Release|Any CPU.Build.0 = Release|Any CPU
	EndGlobalSection
	GlobalSection(SolutionProperties) = preSolution
		HideSolutionNode = FALSE
	EndGlobalSection
	GlobalSection(ExtensibilityGlobals) = postSolution
		SolutionGuid = {A9FF9090-A176-46DF-8075-0C7E62C307FF}
	EndGlobalSection
EndGlobal
